
Microsoft Visual Studio Solution File, Format Version 12.00
# Visual Studio Version 16
VisualStudioVersion = 16.0.31129.286
MinimumVisualStudioVersion = 10.0.40219.1
Project("{FAE04EC0-301F-11D3-BF4B-00C04F79EFBC}") = "RepositoryPattern", "RepositoryPattern\RepositoryPattern.csproj", "{7FF235D9-BD69-43D9-BBC1-A2D5DB39C213}"
EndProject
Global
	GlobalSection(SolutionConfigurationPlatforms) = preSolution
		Debug|Any CPU = Debug|Any CPU
		Release|Any CPU = Release|Any CPU
	EndGlobalSection
	GlobalSection(ProjectConfigurationPlatforms) = postSolution
		{7FF235D9-BD69-43D9-BBC1-A2D5DB39C213}.Debug|Any CPU.ActiveCfg = Debug|Any CPU
		{7FF235D9-BD69-43D9-BBC1-A2D5DB39C213}.Debug|Any CPU.Build.0 = Debug|Any CPU
		{7FF235D9-BD69-43D9-BBC1-A2D5DB39C213}.Release|Any CPU.ActiveCfg = Release|Any CPU
		{7FF235D9-BD69-43D9-BBC1-A2D5DB39C213}.Release|Any CPU.Build.0 = Release|Any CPU
	EndGlobalSection
	GlobalSection(SolutionProperties) = preSolution
		HideSolutionNode = FALSE
	EndGlobalSection
	GlobalSection(ExtensibilityGlobals) = postSolution
		SolutionGuid = {0DBDA802-CB98-48A7-A15B-FF4067082C42}
	EndGlobalSection
EndGlobal
